
Microsoft Visual Studio Solution File, Format Version 12.00
# Visual Studio Version 17
VisualStudioVersion = 17.12.35707.178
MinimumVisualStudioVersion = 10.0.40219.1
Project("{FAE04EC0-301F-11D3-BF4B-00C04F79EFBC}") = "ExpenseTracker.Api", "ExpenseTracker.Api\ExpenseTracker.Api.csproj", "{79AAC881-2AE9-40AB-A516-CE042AA6A478}"
EndProject
Project("{FAE04EC0-301F-11D3-BF4B-00C04F79EFBC}") = "ExpenseTracker.Domain", "ExpenseTracker.Domain\ExpenseTracker.Domain.csproj", "{6E33F144-E3D8-4E6C-9376-180B51214571}"
EndProject
Project("{FAE04EC0-301F-11D3-BF4B-00C04F79EFBC}") = "ExpenseTracker.Application", "ExpenseTracker.Application\ExpenseTracker.Application.csproj", "{B180123C-BB4B-45AB-A8E2-7DFF38268EFF}"
EndProject
Project("{FAE04EC0-301F-11D3-BF4B-00C04F79EFBC}") = "ExpenseTracker.Infrastructure.Mailing", "ExpenseTracker.Infrastructure.Mailing\ExpenseTracker.Infrastructure.Mailing.csproj", "{88558A38-D0A9-4AC3-8A58-E199860E465F}"
EndProject
Project("{FAE04EC0-301F-11D3-BF4B-00C04F79EFBC}") = "ExpenseTracker.Infrastructure.Identity", "ExpenseTracker.Infrastructure.Identity\ExpenseTracker.Infrastructure.Identity.csproj", "{52C9039C-F25E-4244-8567-2DE69A2CE74B}"
EndProject
Project("{FAE04EC0-301F-11D3-BF4B-00C04F79EFBC}") = "ExpenseTracker.Infrastructure.Persistence", "ExpenseTracker.Infrastructure.Persistence\ExpenseTracker.Infrastructure.Persistence.csproj", "{3E677409-4101-45EC-AB40-616980DED1F2}"
EndProject
Project("{2150E333-8FDC-42A3-9474-1A3956D46DE8}") = "Core", "Core", "{B4F6D05A-3F2B-4ABC-BF9D-033CD12E9D1D}"
EndProject
Project("{2150E333-8FDC-42A3-9474-1A3956D46DE8}") = "Infrastructure", "Infrastructure", "{59963723-6F47-4816-B6DE-16A7CFEE7ACF}"
EndProject
Project("{FAE04EC0-301F-11D3-BF4B-00C04F79EFBC}") = "ExpenseTracker.Common", "ExpenseTracker.Common\ExpenseTracker.Common.csproj", "{5F1DD40C-30C3-439B-9DD6-0B72EAAE1445}"
EndProject
Project("{FAE04EC0-301F-11D3-BF4B-00C04F79EFBC}") = "ExpenseTracker.Infrastructure.OAuth", "ExpenseTracker.Infrastructure.OAuth\ExpenseTracker.Infrastructure.OAuth.csproj", "{84F86166-2621-47DC-AD8F-BCE214527888}"
EndProject
Global
	GlobalSection(SolutionConfigurationPlatforms) = preSolution
		Debug|Any CPU = Debug|Any CPU
		Release|Any CPU = Release|Any CPU
	EndGlobalSection
	GlobalSection(ProjectConfigurationPlatforms) = postSolution
		{79AAC881-2AE9-40AB-A516-CE042AA6A478}.Debug|Any CPU.ActiveCfg = Debug|Any CPU
		{79AAC881-2AE9-40AB-A516-CE042AA6A478}.Debug|Any CPU.Build.0 = Debug|Any CPU
		{79AAC881-2AE9-40AB-A516-CE042AA6A478}.Release|Any CPU.ActiveCfg = Release|Any CPU
		{79AAC881-2AE9-40AB-A516-CE042AA6A478}.Release|Any CPU.Build.0 = Release|Any CPU
		{6E33F144-E3D8-4E6C-9376-180B51214571}.Debug|Any CPU.ActiveCfg = Debug|Any CPU
		{6E33F144-E3D8-4E6C-9376-180B51214571}.Debug|Any CPU.Build.0 = Debug|Any CPU
		{6E33F144-E3D8-4E6C-9376-180B51214571}.Release|Any CPU.ActiveCfg = Release|Any CPU
		{6E33F144-E3D8-4E6C-9376-180B51214571}.Release|Any CPU.Build.0 = Release|Any CPU
		{B180123C-BB4B-45AB-A8E2-7DFF38268EFF}.Debug|Any CPU.ActiveCfg = Debug|Any CPU
		{B180123C-BB4B-45AB-A8E2-7DFF38268EFF}.Debug|Any CPU.Build.0 = Debug|Any CPU
		{B180123C-BB4B-45AB-A8E2-7DFF38268EFF}.Release|Any CPU.ActiveCfg = Release|Any CPU
		{B180123C-BB4B-45AB-A8E2-7DFF38268EFF}.Release|Any CPU.Build.0 = Release|Any CPU
		{88558A38-D0A9-4AC3-8A58-E199860E465F}.Debug|Any CPU.ActiveCfg = Debug|Any CPU
		{88558A38-D0A9-4AC3-8A58-E199860E465F}.Debug|Any CPU.Build.0 = Debug|Any CPU
		{88558A38-D0A9-4AC3-8A58-E199860E465F}.Release|Any CPU.ActiveCfg = Release|Any CPU
		{88558A38-D0A9-4AC3-8A58-E199860E465F}.Release|Any CPU.Build.0 = Release|Any CPU
		{52C9039C-F25E-4244-8567-2DE69A2CE74B}.Debug|Any CPU.ActiveCfg = Debug|Any CPU
		{52C9039C-F25E-4244-8567-2DE69A2CE74B}.Debug|Any CPU.Build.0 = Debug|Any CPU
		{52C9039C-F25E-4244-8567-2DE69A2CE74B}.Release|Any CPU.ActiveCfg = Release|Any CPU
		{52C9039C-F25E-4244-8567-2DE69A2CE74B}.Release|Any CPU.Build.0 = Release|Any CPU
		{3E677409-4101-45EC-AB40-616980DED1F2}.Debug|Any CPU.ActiveCfg = Debug|Any CPU
		{3E677409-4101-45EC-AB40-616980DED1F2}.Debug|Any CPU.Build.0 = Debug|Any CPU
		{3E677409-4101-45EC-AB40-616980DED1F2}.Release|Any CPU.ActiveCfg = Release|Any CPU
		{3E677409-4101-45EC-AB40-616980DED1F2}.Release|Any CPU.Build.0 = Release|Any CPU
		{5F1DD40C-30C3-439B-9DD6-0B72EAAE1445}.Debug|Any CPU.ActiveCfg = Debug|Any CPU
		{5F1DD40C-30C3-439B-9DD6-0B72EAAE1445}.Debug|Any CPU.Build.0 = Debug|Any CPU
		{5F1DD40C-30C3-439B-9DD6-0B72EAAE1445}.Release|Any CPU.ActiveCfg = Release|Any CPU
		{5F1DD40C-30C3-439B-9DD6-0B72EAAE1445}.Release|Any CPU.Build.0 = Release|Any CPU
		{84F86166-2621-47DC-AD8F-BCE214527888}.Debug|Any CPU.ActiveCfg = Debug|Any CPU
		{84F86166-2621-47DC-AD8F-BCE214527888}.Debug|Any CPU.Build.0 = Debug|Any CPU
		{84F86166-2621-47DC-AD8F-BCE214527888}.Release|Any CPU.ActiveCfg = Release|Any CPU
		{84F86166-2621-47DC-AD8F-BCE214527888}.Release|Any CPU.Build.0 = Release|Any CPU
	EndGlobalSection
	GlobalSection(SolutionProperties) = preSolution
		HideSolutionNode = FALSE
	EndGlobalSection
	GlobalSection(NestedProjects) = preSolution
		{6E33F144-E3D8-4E6C-9376-180B51214571} = {B4F6D05A-3F2B-4ABC-BF9D-033CD12E9D1D}
		{B180123C-BB4B-45AB-A8E2-7DFF38268EFF} = {B4F6D05A-3F2B-4ABC-BF9D-033CD12E9D1D}
		{88558A38-D0A9-4AC3-8A58-E199860E465F} = {59963723-6F47-4816-B6DE-16A7CFEE7ACF}
		{52C9039C-F25E-4244-8567-2DE69A2CE74B} = {59963723-6F47-4816-B6DE-16A7CFEE7ACF}
		{3E677409-4101-45EC-AB40-616980DED1F2} = {59963723-6F47-4816-B6DE-16A7CFEE7ACF}
		{5F1DD40C-30C3-439B-9DD6-0B72EAAE1445} = {B4F6D05A-3F2B-4ABC-BF9D-033CD12E9D1D}
		{84F86166-2621-47DC-AD8F-BCE214527888} = {59963723-6F47-4816-B6DE-16A7CFEE7ACF}
	EndGlobalSection
	GlobalSection(ExtensibilityGlobals) = postSolution
		SolutionGuid = {C3414B8D-9496-41F0-B002-FFF01F48DC7F}
	EndGlobalSection
EndGlobal
